
Microsoft Visual Studio Solution File, Format Version 12.00
# Visual Studio Version 16
VisualStudioVersion = 16.0.30114.105
MinimumVisualStudioVersion = 10.0.40219.1
Project("{FAE04EC0-301F-11D3-BF4B-00C04F79EFBC}") = "ExportExcell", "ExportExcell.csproj", "{4F80FCB6-2494-411B-9B97-4EA79DE219BB}"
EndProject
Global
	GlobalSection(SolutionConfigurationPlatforms) = preSolution
		Debug|Any CPU = Debug|Any CPU
		Release|Any CPU = Release|Any CPU
	EndGlobalSection
	GlobalSection(ProjectConfigurationPlatforms) = postSolution
		{4F80FCB6-2494-411B-9B97-4EA79DE219BB}.Debug|Any CPU.ActiveCfg = Debug|Any CPU
		{4F80FCB6-2494-411B-9B97-4EA79DE219BB}.Debug|Any CPU.Build.0 = Debug|Any CPU
		{4F80FCB6-2494-411B-9B97-4EA79DE219BB}.Release|Any CPU.ActiveCfg = Release|Any CPU
		{4F80FCB6-2494-411B-9B97-4EA79DE219BB}.Release|Any CPU.Build.0 = Release|Any CPU
	EndGlobalSection
	GlobalSection(SolutionProperties) = preSolution
		HideSolutionNode = FALSE
	EndGlobalSection
	GlobalSection(ExtensibilityGlobals) = postSolution
		SolutionGuid = {B1C378EB-2443-4BE5-8914-66CC184184EB}
	EndGlobalSection
EndGlobal
